// !$*UTF8*$!
{
	archiveVersion = 1;
	classes = {
	};
	objectVersion = 55;
	objects = {

/* Begin PBXBuildFile section */
		2586ED7A298110E900256FE7 /* InformationAboutTeamViewController.swift in Sources */ = {isa = PBXBuildFile; fileRef = 2586ED79298110E900256FE7 /* InformationAboutTeamViewController.swift */; };
		25936A40297D7E5D00CC759D /* AppDelegate.swift in Sources */ = {isa = PBXBuildFile; fileRef = 25936A3F297D7E5D00CC759D /* AppDelegate.swift */; };
		25936A42297D7E5D00CC759D /* SceneDelegate.swift in Sources */ = {isa = PBXBuildFile; fileRef = 25936A41297D7E5D00CC759D /* SceneDelegate.swift */; };
		25936A44297D7E5D00CC759D /* tabBarViewController.swift in Sources */ = {isa = PBXBuildFile; fileRef = 25936A43297D7E5D00CC759D /* tabBarViewController.swift */; };
		25936A49297D7E6100CC759D /* Assets.xcassets in Resources */ = {isa = PBXBuildFile; fileRef = 25936A48297D7E6100CC759D /* Assets.xcassets */; };
		25936A4C297D7E6100CC759D /* LaunchScreen.storyboard in Resources */ = {isa = PBXBuildFile; fileRef = 25936A4A297D7E6100CC759D /* LaunchScreen.storyboard */; };
		25936A55297D871600CC759D /* TeamsController.swift in Sources */ = {isa = PBXBuildFile; fileRef = 25936A54297D871600CC759D /* TeamsController.swift */; };
		25936A57297D872900CC759D /* PlayersController.swift in Sources */ = {isa = PBXBuildFile; fileRef = 25936A56297D872900CC759D /* PlayersController.swift */; };
		25936A5A297D881B00CC759D /* ScoreController.swift in Sources */ = {isa = PBXBuildFile; fileRef = 25936A59297D881B00CC759D /* ScoreController.swift */; };
		25936A5E297D8B8700CC759D /* ScoreTableCell.swift in Sources */ = {isa = PBXBuildFile; fileRef = 25936A5D297D8B8700CC759D /* ScoreTableCell.swift */; };
		25936A61297D8C1100CC759D /* SnapKit-Dynamic in Frameworks */ = {isa = PBXBuildFile; productRef = 25936A60297D8C1100CC759D /* SnapKit-Dynamic */; };
		25936A64297D8F9600CC759D /* SideMenu in Frameworks */ = {isa = PBXBuildFile; productRef = 25936A63297D8F9600CC759D /* SideMenu */; };
		25F57A9C297E4DA500DAB356 /* ListTableViewController.swift in Sources */ = {isa = PBXBuildFile; fileRef = 25F57A9B297E4DA500DAB356 /* ListTableViewController.swift */; };
		25F57AA0297E537800DAB356 /* AboutUsViewController.swift in Sources */ = {isa = PBXBuildFile; fileRef = 25F57A9F297E537800DAB356 /* AboutUsViewController.swift */; };
		25F57AA2297E539700DAB356 /* SettingsViewController.swift in Sources */ = {isa = PBXBuildFile; fileRef = 25F57AA1297E539700DAB356 /* SettingsViewController.swift */; };
		25F57AA5297E753E00DAB356 /* ScoreHeader.swift in Sources */ = {isa = PBXBuildFile; fileRef = 25F57AA4297E753E00DAB356 /* ScoreHeader.swift */; };
		25F57AA8297EC23600DAB356 /* Alamofire in Frameworks */ = {isa = PBXBuildFile; productRef = 25F57AA7297EC23600DAB356 /* Alamofire */; };
		25F57AAA297EC24F00DAB356 /* Requests.swift in Sources */ = {isa = PBXBuildFile; fileRef = 25F57AA9297EC24F00DAB356 /* Requests.swift */; };
		25F57AAC297EC50800DAB356 /* Models.swift in Sources */ = {isa = PBXBuildFile; fileRef = 25F57AAB297EC50800DAB356 /* Models.swift */; };
/* End PBXBuildFile section */

/* Begin PBXFileReference section */
		2586ED79298110E900256FE7 /* InformationAboutTeamViewController.swift */ = {isa = PBXFileReference; lastKnownFileType = sourcecode.swift; path = InformationAboutTeamViewController.swift; sourceTree = "<group>"; };
		25936A3C297D7E5D00CC759D /* Alaman.app */ = {isa = PBXFileReference; explicitFileType = wrapper.application; includeInIndex = 0; path = Alaman.app; sourceTree = BUILT_PRODUCTS_DIR; };
		25936A3F297D7E5D00CC759D /* AppDelegate.swift */ = {isa = PBXFileReference; lastKnownFileType = sourcecode.swift; path = AppDelegate.swift; sourceTree = "<group>"; };
		25936A41297D7E5D00CC759D /* SceneDelegate.swift */ = {isa = PBXFileReference; lastKnownFileType = sourcecode.swift; path = SceneDelegate.swift; sourceTree = "<group>"; };
		25936A43297D7E5D00CC759D /* tabBarViewController.swift */ = {isa = PBXFileReference; lastKnownFileType = sourcecode.swift; path = tabBarViewController.swift; sourceTree = "<group>"; };
		25936A48297D7E6100CC759D /* Assets.xcassets */ = {isa = PBXFileReference; lastKnownFileType = folder.assetcatalog; path = Assets.xcassets; sourceTree = "<group>"; };
		25936A4B297D7E6100CC759D /* Base */ = {isa = PBXFileReference; lastKnownFileType = file.storyboard; name = Base; path = Base.lproj/LaunchScreen.storyboard; sourceTree = "<group>"; };
		25936A4D297D7E6100CC759D /* Info.plist */ = {isa = PBXFileReference; lastKnownFileType = text.plist.xml; path = Info.plist; sourceTree = "<group>"; };
		25936A54297D871600CC759D /* TeamsController.swift */ = {isa = PBXFileReference; lastKnownFileType = sourcecode.swift; path = TeamsController.swift; sourceTree = "<group>"; };
		25936A56297D872900CC759D /* PlayersController.swift */ = {isa = PBXFileReference; lastKnownFileType = sourcecode.swift; path = PlayersController.swift; sourceTree = "<group>"; };
		25936A59297D881B00CC759D /* ScoreController.swift */ = {isa = PBXFileReference; lastKnownFileType = sourcecode.swift; path = ScoreController.swift; sourceTree = "<group>"; };
		25936A5D297D8B8700CC759D /* ScoreTableCell.swift */ = {isa = PBXFileReference; lastKnownFileType = sourcecode.swift; path = ScoreTableCell.swift; sourceTree = "<group>"; };
		25F57A9B297E4DA500DAB356 /* ListTableViewController.swift */ = {isa = PBXFileReference; lastKnownFileType = sourcecode.swift; path = ListTableViewController.swift; sourceTree = "<group>"; };
		25F57A9F297E537800DAB356 /* AboutUsViewController.swift */ = {isa = PBXFileReference; lastKnownFileType = sourcecode.swift; path = AboutUsViewController.swift; sourceTree = "<group>"; };
		25F57AA1297E539700DAB356 /* SettingsViewController.swift */ = {isa = PBXFileReference; lastKnownFileType = sourcecode.swift; path = SettingsViewController.swift; sourceTree = "<group>"; };
		25F57AA4297E753E00DAB356 /* ScoreHeader.swift */ = {isa = PBXFileReference; lastKnownFileType = sourcecode.swift; path = ScoreHeader.swift; sourceTree = "<group>"; };
		25F57AA9297EC24F00DAB356 /* Requests.swift */ = {isa = PBXFileReference; lastKnownFileType = sourcecode.swift; path = Requests.swift; sourceTree = "<group>"; };
		25F57AAB297EC50800DAB356 /* Models.swift */ = {isa = PBXFileReference; lastKnownFileType = sourcecode.swift; path = Models.swift; sourceTree = "<group>"; };
/* End PBXFileReference section */

/* Begin PBXFrameworksBuildPhase section */
		25936A39297D7E5D00CC759D /* Frameworks */ = {
			isa = PBXFrameworksBuildPhase;
			buildActionMask = 2147483647;
			files = (
				25F57AA8297EC23600DAB356 /* Alamofire in Frameworks */,
				25936A64297D8F9600CC759D /* SideMenu in Frameworks */,
				25936A61297D8C1100CC759D /* SnapKit-Dynamic in Frameworks */,
			);
			runOnlyForDeploymentPostprocessing = 0;
		};
/* End PBXFrameworksBuildPhase section */

/* Begin PBXGroup section */
		25936A33297D7E5C00CC759D = {
			isa = PBXGroup;
			children = (
				25936A3E297D7E5D00CC759D /* Alaman */,
				25936A3D297D7E5D00CC759D /* Products */,
			);
			sourceTree = "<group>";
		};
		25936A3D297D7E5D00CC759D /* Products */ = {
			isa = PBXGroup;
			children = (
				25936A3C297D7E5D00CC759D /* Alaman.app */,
			);
			name = Products;
			sourceTree = "<group>";
		};
		25936A3E297D7E5D00CC759D /* Alaman */ = {
			isa = PBXGroup;
			children = (
				25F57AA3297E67E800DAB356 /* Model */,
				25936A3F297D7E5D00CC759D /* AppDelegate.swift */,
				25936A41297D7E5D00CC759D /* SceneDelegate.swift */,
				25936A5B297D8B5300CC759D /* View */,
				25936A53297D86EF00CC759D /* Controllers */,
				25936A48297D7E6100CC759D /* Assets.xcassets */,
				25936A4A297D7E6100CC759D /* LaunchScreen.storyboard */,
				25936A4D297D7E6100CC759D /* Info.plist */,
			);
			path = Alaman;
			sourceTree = "<group>";
		};
		25936A53297D86EF00CC759D /* Controllers */ = {
			isa = PBXGroup;
			children = (
				25936A43297D7E5D00CC759D /* tabBarViewController.swift */,
				25F57A9B297E4DA500DAB356 /* ListTableViewController.swift */,
				2586ED79298110E900256FE7 /* InformationAboutTeamViewController.swift */,
				25936A58297D873000CC759D /* Main */,
				25F57A9E297E535700DAB356 /* Side Menu */,
			);
			path = Controllers;
			sourceTree = "<group>";
		};
		25936A58297D873000CC759D /* Main */ = {
			isa = PBXGroup;
			children = (
				25936A59297D881B00CC759D /* ScoreController.swift */,
				25936A54297D871600CC759D /* TeamsController.swift */,
				25936A56297D872900CC759D /* PlayersController.swift */,
			);
			path = Main;
			sourceTree = "<group>";
		};
		25936A5B297D8B5300CC759D /* View */ = {
			isa = PBXGroup;
			children = (
				25936A5C297D8B6800CC759D /* Cells */,
			);
			path = View;
			sourceTree = "<group>";
		};
		25936A5C297D8B6800CC759D /* Cells */ = {
			isa = PBXGroup;
			children = (
				25F57AA4297E753E00DAB356 /* ScoreHeader.swift */,
				25936A5D297D8B8700CC759D /* ScoreTableCell.swift */,
			);
			path = Cells;
			sourceTree = "<group>";
		};
		25F57A9E297E535700DAB356 /* Side Menu */ = {
			isa = PBXGroup;
			children = (
				25F57A9F297E537800DAB356 /* AboutUsViewController.swift */,
				25F57AA1297E539700DAB356 /* SettingsViewController.swift */,
			);
			path = "Side Menu";
			sourceTree = "<group>";
		};
		25F57AA3297E67E800DAB356 /* Model */ = {
			isa = PBXGroup;
			children = (
				25F57AA9297EC24F00DAB356 /* Requests.swift */,
				25F57AAB297EC50800DAB356 /* Models.swift */,
			);
			path = Model;
			sourceTree = "<group>";
		};
/* End PBXGroup section */

/* Begin PBXNativeTarget section */
		25936A3B297D7E5D00CC759D /* Alaman */ = {
			isa = PBXNativeTarget;
			buildConfigurationList = 25936A50297D7E6100CC759D /* Build configuration list for PBXNativeTarget "Alaman" */;
			buildPhases = (
				25936A38297D7E5D00CC759D /* Sources */,
				25936A39297D7E5D00CC759D /* Frameworks */,
				25936A3A297D7E5D00CC759D /* Resources */,
			);
			buildRules = (
			);
			dependencies = (
			);
			name = Alaman;
			packageProductDependencies = (
				25936A60297D8C1100CC759D /* SnapKit-Dynamic */,
				25936A63297D8F9600CC759D /* SideMenu */,
				25F57AA7297EC23600DAB356 /* Alamofire */,
			);
			productName = Alaman;
			productReference = 25936A3C297D7E5D00CC759D /* Alaman.app */;
			productType = "com.apple.product-type.application";
		};
/* End PBXNativeTarget section */

/* Begin PBXProject section */
		25936A34297D7E5C00CC759D /* Project object */ = {
			isa = PBXProject;
			attributes = {
				BuildIndependentTargetsInParallel = 1;
				LastSwiftUpdateCheck = 1340;
				LastUpgradeCheck = 1340;
				TargetAttributes = {
					25936A3B297D7E5D00CC759D = {
						CreatedOnToolsVersion = 13.4.1;
					};
				};
			};
			buildConfigurationList = 25936A37297D7E5C00CC759D /* Build configuration list for PBXProject "Alaman" */;
			compatibilityVersion = "Xcode 13.0";
			developmentRegion = en;
			hasScannedForEncodings = 0;
			knownRegions = (
				en,
				Base,
			);
			mainGroup = 25936A33297D7E5C00CC759D;
			packageReferences = (
				25936A5F297D8C1100CC759D /* XCRemoteSwiftPackageReference "SnapKit" */,
				25936A62297D8F9600CC759D /* XCRemoteSwiftPackageReference "SideMenu" */,
				25F57AA6297EC23600DAB356 /* XCRemoteSwiftPackageReference "Alamofire" */,
			);
			productRefGroup = 25936A3D297D7E5D00CC759D /* Products */;
			projectDirPath = "";
			projectRoot = "";
			targets = (
				25936A3B297D7E5D00CC759D /* Alaman */,
			);
		};
/* End PBXProject section */

/* Begin PBXResourcesBuildPhase section */
		25936A3A297D7E5D00CC759D /* Resources */ = {
			isa = PBXResourcesBuildPhase;
			buildActionMask = 2147483647;
			files = (
				25936A4C297D7E6100CC759D /* LaunchScreen.storyboard in Resources */,
				25936A49297D7E6100CC759D /* Assets.xcassets in Resources */,
			);
			runOnlyForDeploymentPostprocessing = 0;
		};
/* End PBXResourcesBuildPhase section */

/* Begin PBXSourcesBuildPhase section */
		25936A38297D7E5D00CC759D /* Sources */ = {
			isa = PBXSourcesBuildPhase;
			buildActionMask = 2147483647;
			files = (
				25936A44297D7E5D00CC759D /* tabBarViewController.swift in Sources */,
				25F57AAC297EC50800DAB356 /* Models.swift in Sources */,
				25F57AA5297E753E00DAB356 /* ScoreHeader.swift in Sources */,
				25F57AA0297E537800DAB356 /* AboutUsViewController.swift in Sources */,
				25936A40297D7E5D00CC759D /* AppDelegate.swift in Sources */,
				25F57AA2297E539700DAB356 /* SettingsViewController.swift in Sources */,
				25936A5A297D881B00CC759D /* ScoreController.swift in Sources */,
				25936A57297D872900CC759D /* PlayersController.swift in Sources */,
				25936A55297D871600CC759D /* TeamsController.swift in Sources */,
				25936A42297D7E5D00CC759D /* SceneDelegate.swift in Sources */,
				2586ED7A298110E900256FE7 /* InformationAboutTeamViewController.swift in Sources */,
				25F57AAA297EC24F00DAB356 /* Requests.swift in Sources */,
				25936A5E297D8B8700CC759D /* ScoreTableCell.swift in Sources */,
				25F57A9C297E4DA500DAB356 /* ListTableViewController.swift in Sources */,
			);
			runOnlyForDeploymentPostprocessing = 0;
		};
/* End PBXSourcesBuildPhase section */

/* Begin PBXVariantGroup section */
		25936A4A297D7E6100CC759D /* LaunchScreen.storyboard */ = {
			isa = PBXVariantGroup;
			children = (
				25936A4B297D7E6100CC759D /* Base */,
			);
			name = LaunchScreen.storyboard;
			sourceTree = "<group>";
		};
/* End PBXVariantGroup section */

/* Begin XCBuildConfiguration section */
		25936A4E297D7E6100CC759D /* Debug */ = {
			isa = XCBuildConfiguration;
			buildSettings = {
				ALWAYS_SEARCH_USER_PATHS = NO;
				CLANG_ANALYZER_NONNULL = YES;
				CLANG_ANALYZER_NUMBER_OBJECT_CONVERSION = YES_AGGRESSIVE;
				CLANG_CXX_LANGUAGE_STANDARD = "gnu++17";
				CLANG_ENABLE_MODULES = YES;
				CLANG_ENABLE_OBJC_ARC = YES;
				CLANG_ENABLE_OBJC_WEAK = YES;
				CLANG_WARN_BLOCK_CAPTURE_AUTORELEASING = YES;
				CLANG_WARN_BOOL_CONVERSION = YES;
				CLANG_WARN_COMMA = YES;
				CLANG_WARN_CONSTANT_CONVERSION = YES;
				CLANG_WARN_DEPRECATED_OBJC_IMPLEMENTATIONS = YES;
				CLANG_WARN_DIRECT_OBJC_ISA_USAGE = YES_ERROR;
				CLANG_WARN_DOCUMENTATION_COMMENTS = YES;
				CLANG_WARN_EMPTY_BODY = YES;
				CLANG_WARN_ENUM_CONVERSION = YES;
				CLANG_WARN_INFINITE_RECURSION = YES;
				CLANG_WARN_INT_CONVERSION = YES;
				CLANG_WARN_NON_LITERAL_NULL_CONVERSION = YES;
				CLANG_WARN_OBJC_IMPLICIT_RETAIN_SELF = YES;
				CLANG_WARN_OBJC_LITERAL_CONVERSION = YES;
				CLANG_WARN_OBJC_ROOT_CLASS = YES_ERROR;
				CLANG_WARN_QUOTED_INCLUDE_IN_FRAMEWORK_HEADER = YES;
				CLANG_WARN_RANGE_LOOP_ANALYSIS = YES;
				CLANG_WARN_STRICT_PROTOTYPES = YES;
				CLANG_WARN_SUSPICIOUS_MOVE = YES;
				CLANG_WARN_UNGUARDED_AVAILABILITY = YES_AGGRESSIVE;
				CLANG_WARN_UNREACHABLE_CODE = YES;
				CLANG_WARN__DUPLICATE_METHOD_MATCH = YES;
				COPY_PHASE_STRIP = NO;
				DEBUG_INFORMATION_FORMAT = dwarf;
				ENABLE_STRICT_OBJC_MSGSEND = YES;
				ENABLE_TESTABILITY = YES;
				GCC_C_LANGUAGE_STANDARD = gnu11;
				GCC_DYNAMIC_NO_PIC = NO;
				GCC_NO_COMMON_BLOCKS = YES;
				GCC_OPTIMIZATION_LEVEL = 0;
				GCC_PREPROCESSOR_DEFINITIONS = (
					"DEBUG=1",
					"$(inherited)",
				);
				GCC_WARN_64_TO_32_BIT_CONVERSION = YES;
				GCC_WARN_ABOUT_RETURN_TYPE = YES_ERROR;
				GCC_WARN_UNDECLARED_SELECTOR = YES;
				GCC_WARN_UNINITIALIZED_AUTOS = YES_AGGRESSIVE;
				GCC_WARN_UNUSED_FUNCTION = YES;
				GCC_WARN_UNUSED_VARIABLE = YES;
				IPHONEOS_DEPLOYMENT_TARGET = 15.5;
				MTL_ENABLE_DEBUG_INFO = INCLUDE_SOURCE;
				MTL_FAST_MATH = YES;
				ONLY_ACTIVE_ARCH = YES;
				SDKROOT = iphoneos;
				SWIFT_ACTIVE_COMPILATION_CONDITIONS = DEBUG;
				SWIFT_OPTIMIZATION_LEVEL = "-Onone";
			};
			name = Debug;
		};
		25936A4F297D7E6100CC759D /* Release */ = {
			isa = XCBuildConfiguration;
			buildSettings = {
				ALWAYS_SEARCH_USER_PATHS = NO;
				CLANG_ANALYZER_NONNULL = YES;
				CLANG_ANALYZER_NUMBER_OBJECT_CONVERSION = YES_AGGRESSIVE;
				CLANG_CXX_LANGUAGE_STANDARD = "gnu++17";
				CLANG_ENABLE_MODULES = YES;
				CLANG_ENABLE_OBJC_ARC = YES;
				CLANG_ENABLE_OBJC_WEAK = YES;
				CLANG_WARN_BLOCK_CAPTURE_AUTORELEASING = YES;
				CLANG_WARN_BOOL_CONVERSION = YES;
				CLANG_WARN_COMMA = YES;
				CLANG_WARN_CONSTANT_CONVERSION = YES;
				CLANG_WARN_DEPRECATED_OBJC_IMPLEMENTATIONS = YES;
				CLANG_WARN_DIRECT_OBJC_ISA_USAGE = YES_ERROR;
				CLANG_WARN_DOCUMENTATION_COMMENTS = YES;
				CLANG_WARN_EMPTY_BODY = YES;
				CLANG_WARN_ENUM_CONVERSION = YES;
				CLANG_WARN_INFINITE_RECURSION = YES;
				CLANG_WARN_INT_CONVERSION = YES;
				CLANG_WARN_NON_LITERAL_NULL_CONVERSION = YES;
				CLANG_WARN_OBJC_IMPLICIT_RETAIN_SELF = YES;
				CLANG_WARN_OBJC_LITERAL_CONVERSION = YES;
				CLANG_WARN_OBJC_ROOT_CLASS = YES_ERROR;
				CLANG_WARN_QUOTED_INCLUDE_IN_FRAMEWORK_HEADER = YES;
				CLANG_WARN_RANGE_LOOP_ANALYSIS = YES;
				CLANG_WARN_STRICT_PROTOTYPES = YES;
				CLANG_WARN_SUSPICIOUS_MOVE = YES;
				CLANG_WARN_UNGUARDED_AVAILABILITY = YES_AGGRESSIVE;
				CLANG_WARN_UNREACHABLE_CODE = YES;
				CLANG_WARN__DUPLICATE_METHOD_MATCH = YES;
				COPY_PHASE_STRIP = NO;
				DEBUG_INFORMATION_FORMAT = "dwarf-with-dsym";
				ENABLE_NS_ASSERTIONS = NO;
				ENABLE_STRICT_OBJC_MSGSEND = YES;
				GCC_C_LANGUAGE_STANDARD = gnu11;
				GCC_NO_COMMON_BLOCKS = YES;
				GCC_WARN_64_TO_32_BIT_CONVERSION = YES;
				GCC_WARN_ABOUT_RETURN_TYPE = YES_ERROR;
				GCC_WARN_UNDECLARED_SELECTOR = YES;
				GCC_WARN_UNINITIALIZED_AUTOS = YES_AGGRESSIVE;
				GCC_WARN_UNUSED_FUNCTION = YES;
				GCC_WARN_UNUSED_VARIABLE = YES;
				IPHONEOS_DEPLOYMENT_TARGET = 15.5;
				MTL_ENABLE_DEBUG_INFO = NO;
				MTL_FAST_MATH = YES;
				SDKROOT = iphoneos;
				SWIFT_COMPILATION_MODE = wholemodule;
				SWIFT_OPTIMIZATION_LEVEL = "-O";
				VALIDATE_PRODUCT = YES;
			};
			name = Release;
		};
		25936A51297D7E6100CC759D /* Debug */ = {
			isa = XCBuildConfiguration;
			buildSettings = {
				ASSETCATALOG_COMPILER_APPICON_NAME = AppIcon;
				ASSETCATALOG_COMPILER_GLOBAL_ACCENT_COLOR_NAME = AccentColor;
				CODE_SIGN_STYLE = Automatic;
				CURRENT_PROJECT_VERSION = 1;
				DEVELOPMENT_TEAM = XMAYR8P7MJ;
				GENERATE_INFOPLIST_FILE = YES;
				INFOPLIST_FILE = Alaman/Info.plist;
				INFOPLIST_KEY_UIApplicationSupportsIndirectInputEvents = YES;
				INFOPLIST_KEY_UILaunchStoryboardName = LaunchScreen;
				INFOPLIST_KEY_UISupportedInterfaceOrientations_iPad = "UIInterfaceOrientationPortrait UIInterfaceOrientationPortraitUpsideDown UIInterfaceOrientationLandscapeLeft UIInterfaceOrientationLandscapeRight";
				INFOPLIST_KEY_UISupportedInterfaceOrientations_iPhone = "UIInterfaceOrientationPortrait UIInterfaceOrientationLandscapeLeft UIInterfaceOrientationLandscapeRight";
				LD_RUNPATH_SEARCH_PATHS = (
					"$(inherited)",
					"@executable_path/Frameworks",
				);
				MARKETING_VERSION = 1.0;
				PRODUCT_BUNDLE_IDENTIFIER = Amir.Alaman;
				PRODUCT_NAME = "$(TARGET_NAME)";
				SWIFT_EMIT_LOC_STRINGS = YES;
				SWIFT_VERSION = 5.0;
				TARGETED_DEVICE_FAMILY = "1,2";
			};
			name = Debug;
		};
		25936A52297D7E6100CC759D /* Release */ = {
			isa = XCBuildConfiguration;
			buildSettings = {
				ASSETCATALOG_COMPILER_APPICON_NAME = AppIcon;
				ASSETCATALOG_COMPILER_GLOBAL_ACCENT_COLOR_NAME = AccentColor;
				CODE_SIGN_STYLE = Automatic;
				CURRENT_PROJECT_VERSION = 1;
				DEVELOPMENT_TEAM = XMAYR8P7MJ;
				GENERATE_INFOPLIST_FILE = YES;
				INFOPLIST_FILE = Alaman/Info.plist;
				INFOPLIST_KEY_UIApplicationSupportsIndirectInputEvents = YES;
				INFOPLIST_KEY_UILaunchStoryboardName = LaunchScreen;
				INFOPLIST_KEY_UISupportedInterfaceOrientations_iPad = "UIInterfaceOrientationPortrait UIInterfaceOrientationPortraitUpsideDown UIInterfaceOrientationLandscapeLeft UIInterfaceOrientationLandscapeRight";
				INFOPLIST_KEY_UISupportedInterfaceOrientations_iPhone = "UIInterfaceOrientationPortrait UIInterfaceOrientationLandscapeLeft UIInterfaceOrientationLandscapeRight";
				LD_RUNPATH_SEARCH_PATHS = (
					"$(inherited)",
					"@executable_path/Frameworks",
				);
				MARKETING_VERSION = 1.0;
				PRODUCT_BUNDLE_IDENTIFIER = Amir.Alaman;
				PRODUCT_NAME = "$(TARGET_NAME)";
				SWIFT_EMIT_LOC_STRINGS = YES;
				SWIFT_VERSION = 5.0;
				TARGETED_DEVICE_FAMILY = "1,2";
			};
			name = Release;
		};
/* End XCBuildConfiguration section */

/* Begin XCConfigurationList section */
		25936A37297D7E5C00CC759D /* Build configuration list for PBXProject "Alaman" */ = {
			isa = XCConfigurationList;
			buildConfigurations = (
				25936A4E297D7E6100CC759D /* Debug */,
				25936A4F297D7E6100CC759D /* Release */,
			);
			defaultConfigurationIsVisible = 0;
			defaultConfigurationName = Release;
		};
		25936A50297D7E6100CC759D /* Build configuration list for PBXNativeTarget "Alaman" */ = {
			isa = XCConfigurationList;
			buildConfigurations = (
				25936A51297D7E6100CC759D /* Debug */,
				25936A52297D7E6100CC759D /* Release */,
			);
			defaultConfigurationIsVisible = 0;
			defaultConfigurationName = Release;
		};
/* End XCConfigurationList section */

/* Begin XCRemoteSwiftPackageReference section */
		25936A5F297D8C1100CC759D /* XCRemoteSwiftPackageReference "SnapKit" */ = {
			isa = XCRemoteSwiftPackageReference;
			repositoryURL = "https://github.com/SnapKit/SnapKit";
			requirement = {
				kind = upToNextMajorVersion;
				minimumVersion = 5.0.0;
			};
		};
		25936A62297D8F9600CC759D /* XCRemoteSwiftPackageReference "SideMenu" */ = {
			isa = XCRemoteSwiftPackageReference;
			repositoryURL = "https://github.com/jonkykong/SideMenu.git";
			requirement = {
				kind = upToNextMajorVersion;
				minimumVersion = 6.0.0;
			};
		};
		25F57AA6297EC23600DAB356 /* XCRemoteSwiftPackageReference "Alamofire" */ = {
			isa = XCRemoteSwiftPackageReference;
			repositoryURL = "https://github.com/Alamofire/Alamofire";
			requirement = {
				kind = upToNextMajorVersion;
				minimumVersion = 5.0.0;
			};
		};
/* End XCRemoteSwiftPackageReference section */

/* Begin XCSwiftPackageProductDependency section */
		25936A60297D8C1100CC759D /* SnapKit-Dynamic */ = {
			isa = XCSwiftPackageProductDependency;
			package = 25936A5F297D8C1100CC759D /* XCRemoteSwiftPackageReference "SnapKit" */;
			productName = "SnapKit-Dynamic";
		};
		25936A63297D8F9600CC759D /* SideMenu */ = {
			isa = XCSwiftPackageProductDependency;
			package = 25936A62297D8F9600CC759D /* XCRemoteSwiftPackageReference "SideMenu" */;
			productName = SideMenu;
		};
		25F57AA7297EC23600DAB356 /* Alamofire */ = {
			isa = XCSwiftPackageProductDependency;
			package = 25F57AA6297EC23600DAB356 /* XCRemoteSwiftPackageReference "Alamofire" */;
			productName = Alamofire;
		};
/* End XCSwiftPackageProductDependency section */
	};
	rootObject = 25936A34297D7E5C00CC759D /* Project object */;
}
